
Microsoft Visual Studio Solution File, Format Version 12.00
# Visual Studio Version 16
VisualStudioVersion = 16.0.28729.10
MinimumVisualStudioVersion = 10.0.40219.1
Project("{9A19103F-16F7-4668-BE54-9A1E7A4F7556}") = "Topocat.API", "Topocat.API\Topocat.API.csproj", "{8EAF6169-80F7-436D-94BF-76E98D1E7C8B}"
EndProject
Project("{9A19103F-16F7-4668-BE54-9A1E7A4F7556}") = "Topocat.Common", "Topocat.Common\Topocat.Common.csproj", "{7695F509-DB25-493E-B17E-9A553EC3703F}"
EndProject
Project("{9A19103F-16F7-4668-BE54-9A1E7A4F7556}") = "Topocat.Domain", "Topocat.Domain\Topocat.Domain.csproj", "{0E711BEA-320D-47DD-A261-BCFD8F25A93C}"
EndProject
Project("{9A19103F-16F7-4668-BE54-9A1E7A4F7556}") = "Topocat.DB", "Topocat.DB\Topocat.DB.csproj", "{B17C1DE3-1265-4F81-B7CC-9E67137BE3CD}"
EndProject
Project("{9A19103F-16F7-4668-BE54-9A1E7A4F7556}") = "Topocat.Services", "Topocat.Services\Topocat.Services.csproj", "{8BAF6A3A-1A2F-49FE-901D-A869702DD643}"
EndProject
Global
	GlobalSection(SolutionConfigurationPlatforms) = preSolution
		Debug|Any CPU = Debug|Any CPU
		Release|Any CPU = Release|Any CPU
	EndGlobalSection
	GlobalSection(ProjectConfigurationPlatforms) = postSolution
		{8EAF6169-80F7-436D-94BF-76E98D1E7C8B}.Debug|Any CPU.ActiveCfg = Debug|Any CPU
		{8EAF6169-80F7-436D-94BF-76E98D1E7C8B}.Debug|Any CPU.Build.0 = Debug|Any CPU
		{8EAF6169-80F7-436D-94BF-76E98D1E7C8B}.Release|Any CPU.ActiveCfg = Release|Any CPU
		{8EAF6169-80F7-436D-94BF-76E98D1E7C8B}.Release|Any CPU.Build.0 = Release|Any CPU
		{7695F509-DB25-493E-B17E-9A553EC3703F}.Debug|Any CPU.ActiveCfg = Debug|Any CPU
		{7695F509-DB25-493E-B17E-9A553EC3703F}.Debug|Any CPU.Build.0 = Debug|Any CPU
		{7695F509-DB25-493E-B17E-9A553EC3703F}.Release|Any CPU.ActiveCfg = Release|Any CPU
		{7695F509-DB25-493E-B17E-9A553EC3703F}.Release|Any CPU.Build.0 = Release|Any CPU
		{0E711BEA-320D-47DD-A261-BCFD8F25A93C}.Debug|Any CPU.ActiveCfg = Debug|Any CPU
		{0E711BEA-320D-47DD-A261-BCFD8F25A93C}.Debug|Any CPU.Build.0 = Debug|Any CPU
		{0E711BEA-320D-47DD-A261-BCFD8F25A93C}.Release|Any CPU.ActiveCfg = Release|Any CPU
		{0E711BEA-320D-47DD-A261-BCFD8F25A93C}.Release|Any CPU.Build.0 = Release|Any CPU
		{B17C1DE3-1265-4F81-B7CC-9E67137BE3CD}.Debug|Any CPU.ActiveCfg = Debug|Any CPU
		{B17C1DE3-1265-4F81-B7CC-9E67137BE3CD}.Debug|Any CPU.Build.0 = Debug|Any CPU
		{B17C1DE3-1265-4F81-B7CC-9E67137BE3CD}.Release|Any CPU.ActiveCfg = Release|Any CPU
		{B17C1DE3-1265-4F81-B7CC-9E67137BE3CD}.Release|Any CPU.Build.0 = Release|Any CPU
		{8BAF6A3A-1A2F-49FE-901D-A869702DD643}.Debug|Any CPU.ActiveCfg = Debug|Any CPU
		{8BAF6A3A-1A2F-49FE-901D-A869702DD643}.Debug|Any CPU.Build.0 = Debug|Any CPU
		{8BAF6A3A-1A2F-49FE-901D-A869702DD643}.Release|Any CPU.ActiveCfg = Release|Any CPU
		{8BAF6A3A-1A2F-49FE-901D-A869702DD643}.Release|Any CPU.Build.0 = Release|Any CPU
	EndGlobalSection
	GlobalSection(SolutionProperties) = preSolution
		HideSolutionNode = FALSE
	EndGlobalSection
	GlobalSection(ExtensibilityGlobals) = postSolution
		SolutionGuid = {C5C0C538-602A-470D-98AA-C53125164BB8}
	EndGlobalSection
EndGlobal
